<?xml version="1.0" encoding="utf-8"?>
<Project ToolsVersion="4.0" xmlns="http://schemas.microsoft.com/developer/msbuild/2003">
  <ItemGroup>
    <Filter Include="Quelldateien">
      <UniqueIdentifier>{4FC737F1-C7A5-4376-A066-2A32D752A2FF}</UniqueIdentifier>
      <Extensions>cpp;c;cc;cxx;c++;cppm;ixx;def;odl;idl;hpj;bat;asm;asmx</Extensions>
    </Filter>
    <Filter Include="Headerdateien">
      <UniqueIdentifier>{93995380-89BD-4b04-88EB-625FBE52EBFB}</UniqueIdentifier>
      <Extensions>h;hh;hpp;hxx;h++;hm;inl;inc;ipp;xsd</Extensions>
    </Filter>
    <Filter Include="Ressourcendateien">
      <UniqueIdentifier>{67DA6AB6-F800-4c08-8B7A-83BB121AAD01}</UniqueIdentifier>
      <Extensions>rc;ico;cur;bmp;dlg;rc2;rct;bin;rgs;gif;jpg;jpeg;jpe;resx;tiff;tif;png;wav;mfcribbon-ms</Extensions>
    </Filter>
    <Filter Include="Source">
      <UniqueIdentifier>{8851e867-6979-4c3f-b0a8-64e213420e19}</UniqueIdentifier>
    </Filter>
    <Filter Include="Source\cli">
      <UniqueIdentifier>{39af6bbd-ed44-4d4b-876b-06aec1812a88}</UniqueIdentifier>
    </Filter>
    <Filter Include="Source\core">
      <UniqueIdentifier>{21fcb4a7-22bc-4ad9-a632-26958a73e2c1}</UniqueIdentifier>
    </Filter>
    <Filter Include="Source\log">
      <UniqueIdentifier>{0ea9c457-cf7a-48bf-905a-e5f7a31d5684}</UniqueIdentifier>
    </Filter>
    <Filter Include="Source\util">
      <UniqueIdentifier>{f9cb2f3f-ce80-49e3-8e50-57c8d7baf706}</UniqueIdentifier>
    </Filter>
    <Filter Include="Source\test">
      <UniqueIdentifier>{0667e842-cacf-4a1e-bc96-1b36fc18dcf1}</UniqueIdentifier>
    </Filter>
  </ItemGroup>
  <ItemGroup>
    <ClCompile Include="Source\main.cpp">
      <Filter>Source</Filter>
    </ClCompile>
    <ClCompile Include="Source\cli\ArgumentParser.cpp">
      <Filter>Source\cli</Filter>
    </ClCompile>
    <ClCompile Include="Source\cli\Console.cpp">
      <Filter>Source\cli</Filter>
    </ClCompile>
    <ClCompile Include="Source\core\FileCopier.cpp">
      <Filter>Source\core</Filter>
    </ClCompile>
    <ClCompile Include="Source\core\PruneOptions.cpp">
      <Filter>Source\core</Filter>
    </ClCompile>
    <ClCompile Include="Source\log\LogManager.cpp">
      <Filter>Source\log</Filter>
    </ClCompile>
    <ClCompile Include="Source\util\PatternUtils.cpp">
      <Filter>Source\util</Filter>
    </ClCompile>
    <ClCompile Include="Source\util\ConvertUtils.cpp">
      <Filter>Source\util</Filter>
    </ClCompile>
    <ClCompile Include="Source\test\BasicFunctionTest.cpp">
      <Filter>Source\test</Filter>
    </ClCompile>
    <ClCompile Include="Source\test\TestRunner.cpp">
      <Filter>Source\test</Filter>
    </ClCompile>
    <ClCompile Include="Source\test\TestUtils.cpp">
      <Filter>Source\test</Filter>
    </ClCompile>
    <ClCompile Include="Source\core\Updater.cpp">
      <Filter>Source\core</Filter>
    </ClCompile>
    <ClCompile Include="Source\util\PathUtils.cpp">
      <Filter>Source\util</Filter>
    </ClCompile>
    <ClCompile Include="Source\test\FileCopierTest.cpp">
      <Filter>Source\test</Filter>
    </ClCompile>
    <ClCompile Include="Source\test\ArgumentParseTest.cpp">
      <Filter>Source\test</Filter>
    </ClCompile>
    <ClCompile Include="Source\cli\PresetLoader.cpp">
      <Filter>Source\cli</Filter>
    </ClCompile>
    <ClCompile Include="Source\test\PresetLoaderTest.cpp">
      <Filter>Source\test</Filter>
    </ClCompile>
  </ItemGroup>
  <ItemGroup>
    <ClInclude Include="Source\cli\ArgumentParser.hpp">
      <Filter>Source\cli</Filter>
    </ClInclude>
    <ClInclude Include="Source\cli\Console.hpp">
      <Filter>Source\cli</Filter>
    </ClInclude>
    <ClInclude Include="Source\core\FileCopier.hpp">
      <Filter>Source\core</Filter>
    </ClInclude>
    <ClInclude Include="Source\core\PruneOptions.hpp">
      <Filter>Source\core</Filter>
    </ClInclude>
    <ClInclude Include="Source\log\LogManager.hpp">
      <Filter>Source\log</Filter>
    </ClInclude>
    <ClInclude Include="Source\util\PatternUtils.hpp">
      <Filter>Source\util</Filter>
    </ClInclude>
    <ClInclude Include="Source\util\ConvertUtils.hpp">
      <Filter>Source\util</Filter>
    </ClInclude>
    <ClInclude Include="Source\test\TestRunner.hpp">
      <Filter>Source\test</Filter>
    </ClInclude>
    <ClInclude Include="Source\test\TestUtils.hpp">
      <Filter>Source\test</Filter>
    </ClInclude>
    <ClInclude Include="Source\test\BasicFunctionTest.hpp">
      <Filter>Source\test</Filter>
    </ClInclude>
    <ClInclude Include="Source\core\Updater.hpp">
      <Filter>Source\core</Filter>
    </ClInclude>
    <ClInclude Include="Source\util\PathUtils.hpp">
      <Filter>Source\util</Filter>
    </ClInclude>
    <ClInclude Include="Source\test\FileCopierTest.hpp">
      <Filter>Source\test</Filter>
    </ClInclude>
    <ClInclude Include="Source\test\ArgumentParseTest.hpp">
      <Filter>Source\test</Filter>
    </ClInclude>
    <ClInclude Include="Source\cli\PresetLoader.hpp">
      <Filter>Source\cli</Filter>
    </ClInclude>
    <ClInclude Include="Source\test\PresetLoaderTest.hpp">
      <Filter>Source\test</Filter>
    </ClInclude>
  </ItemGroup>
  <ItemGroup>
    <None Include="vcpkg.json" />
    <None Include="packages.config" />
    <None Include="..\LICENSE" />
    <None Include="..\README.md" />
    <None Include="..\installer\installer.iss" />
    <None Include="..\changelog.md" />
    <None Include="..\data\version.json" />
    <None Include="..\data\sponsors.json" />
    <None Include="..\PruneCopy_Comparison_EN.md" />
  </ItemGroup>
  <ItemGroup>
    <Text Include="..\debugger_arguments.txt" />
  </ItemGroup>
</Project>